
Microsoft Visual Studio Solution File, Format Version 12.00
# Visual Studio 15
VisualStudioVersion = 15.0.26730.16
MinimumVisualStudioVersion = 10.0.40219.1
Project("{FAE04EC0-301F-11D3-BF4B-00C04F79EFBC}") = "PinsSample.Android", "PinsSample\PinsSample.Android\PinsSample.Android.csproj", "{88E7A0ED-9408-4768-A5D8-D7AD6CAECF0D}"
EndProject
Project("{FAE04EC0-301F-11D3-BF4B-00C04F79EFBC}") = "PinsSample", "PinsSample\PinsSample\PinsSample.csproj", "{D9352E52-6C3C-4E06-B271-125FCFB6BF48}"
EndProject
Project("{FAE04EC0-301F-11D3-BF4B-00C04F79EFBC}") = "PinsSample.UWP", "PinsSample\PinsSample.UWP\PinsSample.UWP.csproj", "{E4A1F6DA-20F3-462F-954D-724D89A28003}"
EndProject
Project("{FAE04EC0-301F-11D3-BF4B-00C04F79EFBC}") = "PinsSample.iOS", "PinsSample\PinsSample.iOS\PinsSample.iOS.csproj", "{F877AB94-F146-4031-BFD5-5E20C2BC7B28}"
EndProject
Global
	GlobalSection(SolutionConfigurationPlatforms) = preSolution
		Ad-Hoc|Any CPU = Ad-Hoc|Any CPU
		Ad-Hoc|ARM = Ad-Hoc|ARM
		Ad-Hoc|iPhone = Ad-Hoc|iPhone
		Ad-Hoc|iPhoneSimulator = Ad-Hoc|iPhoneSimulator
		Ad-Hoc|x64 = Ad-Hoc|x64
		Ad-Hoc|x86 = Ad-Hoc|x86
		AppStore|Any CPU = AppStore|Any CPU
		AppStore|ARM = AppStore|ARM
		AppStore|iPhone = AppStore|iPhone
		AppStore|iPhoneSimulator = AppStore|iPhoneSimulator
		AppStore|x64 = AppStore|x64
		AppStore|x86 = AppStore|x86
		Debug|Any CPU = Debug|Any CPU
		Debug|ARM = Debug|ARM
		Debug|iPhone = Debug|iPhone
		Debug|iPhoneSimulator = Debug|iPhoneSimulator
		Debug|x64 = Debug|x64
		Debug|x86 = Debug|x86
		Release|Any CPU = Release|Any CPU
		Release|ARM = Release|ARM
		Release|iPhone = Release|iPhone
		Release|iPhoneSimulator = Release|iPhoneSimulator
		Release|x64 = Release|x64
		Release|x86 = Release|x86
	EndGlobalSection
	GlobalSection(ProjectConfigurationPlatforms) = postSolution
		{88E7A0ED-9408-4768-A5D8-D7AD6CAECF0D}.Ad-Hoc|Any CPU.ActiveCfg = Release|Any CPU
		{88E7A0ED-9408-4768-A5D8-D7AD6CAECF0D}.Ad-Hoc|Any CPU.Build.0 = Release|Any CPU
		{88E7A0ED-9408-4768-A5D8-D7AD6CAECF0D}.Ad-Hoc|Any CPU.Deploy.0 = Release|Any CPU
		{88E7A0ED-9408-4768-A5D8-D7AD6CAECF0D}.Ad-Hoc|ARM.ActiveCfg = Release|Any CPU
		{88E7A0ED-9408-4768-A5D8-D7AD6CAECF0D}.Ad-Hoc|ARM.Build.0 = Release|Any CPU
		{88E7A0ED-9408-4768-A5D8-D7AD6CAECF0D}.Ad-Hoc|ARM.Deploy.0 = Release|Any CPU
		{88E7A0ED-9408-4768-A5D8-D7AD6CAECF0D}.Ad-Hoc|iPhone.ActiveCfg = Release|Any CPU
		{88E7A0ED-9408-4768-A5D8-D7AD6CAECF0D}.Ad-Hoc|iPhone.Build.0 = Release|Any CPU
		{88E7A0ED-9408-4768-A5D8-D7AD6CAECF0D}.Ad-Hoc|iPhone.Deploy.0 = Release|Any CPU
		{88E7A0ED-9408-4768-A5D8-D7AD6CAECF0D}.Ad-Hoc|iPhoneSimulator.ActiveCfg = Release|Any CPU
		{88E7A0ED-9408-4768-A5D8-D7AD6CAECF0D}.Ad-Hoc|iPhoneSimulator.Build.0 = Release|Any CPU
		{88E7A0ED-9408-4768-A5D8-D7AD6CAECF0D}.Ad-Hoc|iPhoneSimulator.Deploy.0 = Release|Any CPU
		{88E7A0ED-9408-4768-A5D8-D7AD6CAECF0D}.Ad-Hoc|x64.ActiveCfg = Release|Any CPU
		{88E7A0ED-9408-4768-A5D8-D7AD6CAECF0D}.Ad-Hoc|x64.Build.0 = Release|Any CPU
		{88E7A0ED-9408-4768-A5D8-D7AD6CAECF0D}.Ad-Hoc|x64.Deploy.0 = Release|Any CPU
		{88E7A0ED-9408-4768-A5D8-D7AD6CAECF0D}.Ad-Hoc|x86.ActiveCfg = Release|Any CPU
		{88E7A0ED-9408-4768-A5D8-D7AD6CAECF0D}.Ad-Hoc|x86.Build.0 = Release|Any CPU
		{88E7A0ED-9408-4768-A5D8-D7AD6CAECF0D}.Ad-Hoc|x86.Deploy.0 = Release|Any CPU
		{88E7A0ED-9408-4768-A5D8-D7AD6CAECF0D}.AppStore|Any CPU.ActiveCfg = Release|Any CPU
		{88E7A0ED-9408-4768-A5D8-D7AD6CAECF0D}.AppStore|Any CPU.Build.0 = Release|Any CPU
		{88E7A0ED-9408-4768-A5D8-D7AD6CAECF0D}.AppStore|Any CPU.Deploy.0 = Release|Any CPU
		{88E7A0ED-9408-4768-A5D8-D7AD6CAECF0D}.AppStore|ARM.ActiveCfg = Release|Any CPU
		{88E7A0ED-9408-4768-A5D8-D7AD6CAECF0D}.AppStore|ARM.Build.0 = Release|Any CPU
		{88E7A0ED-9408-4768-A5D8-D7AD6CAECF0D}.AppStore|ARM.Deploy.0 = Release|Any CPU
		{88E7A0ED-9408-4768-A5D8-D7AD6CAECF0D}.AppStore|iPhone.ActiveCfg = Release|Any CPU
		{88E7A0ED-9408-4768-A5D8-D7AD6CAECF0D}.AppStore|iPhone.Build.0 = Release|Any CPU
		{88E7A0ED-9408-4768-A5D8-D7AD6CAECF0D}.AppStore|iPhone.Deploy.0 = Release|Any CPU
		{88E7A0ED-9408-4768-A5D8-D7AD6CAECF0D}.AppStore|iPhoneSimulator.ActiveCfg = Release|Any CPU
		{88E7A0ED-9408-4768-A5D8-D7AD6CAECF0D}.AppStore|iPhoneSimulator.Build.0 = Release|Any CPU
		{88E7A0ED-9408-4768-A5D8-D7AD6CAECF0D}.AppStore|iPhoneSimulator.Deploy.0 = Release|Any CPU
		{88E7A0ED-9408-4768-A5D8-D7AD6CAECF0D}.AppStore|x64.ActiveCfg = Release|Any CPU
		{88E7A0ED-9408-4768-A5D8-D7AD6CAECF0D}.AppStore|x64.Build.0 = Release|Any CPU
		{88E7A0ED-9408-4768-A5D8-D7AD6CAECF0D}.AppStore|x64.Deploy.0 = Release|Any CPU
		{88E7A0ED-9408-4768-A5D8-D7AD6CAECF0D}.AppStore|x86.ActiveCfg = Release|Any CPU
		{88E7A0ED-9408-4768-A5D8-D7AD6CAECF0D}.AppStore|x86.Build.0 = Release|Any CPU
		{88E7A0ED-9408-4768-A5D8-D7AD6CAECF0D}.AppStore|x86.Deploy.0 = Release|Any CPU
		{88E7A0ED-9408-4768-A5D8-D7AD6CAECF0D}.Debug|Any CPU.ActiveCfg = Debug|Any CPU
		{88E7A0ED-9408-4768-A5D8-D7AD6CAECF0D}.Debug|Any CPU.Build.0 = Debug|Any CPU
		{88E7A0ED-9408-4768-A5D8-D7AD6CAECF0D}.Debug|Any CPU.Deploy.0 = Debug|Any CPU
		{88E7A0ED-9408-4768-A5D8-D7AD6CAECF0D}.Debug|ARM.ActiveCfg = Debug|Any CPU
		{88E7A0ED-9408-4768-A5D8-D7AD6CAECF0D}.Debug|ARM.Build.0 = Debug|Any CPU
		{88E7A0ED-9408-4768-A5D8-D7AD6CAECF0D}.Debug|ARM.Deploy.0 = Debug|Any CPU
		{88E7A0ED-9408-4768-A5D8-D7AD6CAECF0D}.Debug|iPhone.ActiveCfg = Debug|Any CPU
		{88E7A0ED-9408-4768-A5D8-D7AD6CAECF0D}.Debug|iPhone.Build.0 = Debug|Any CPU
		{88E7A0ED-9408-4768-A5D8-D7AD6CAECF0D}.Debug|iPhone.Deploy.0 = Debug|Any CPU
		{88E7A0ED-9408-4768-A5D8-D7AD6CAECF0D}.Debug|iPhoneSimulator.ActiveCfg = Debug|Any CPU
		{88E7A0ED-9408-4768-A5D8-D7AD6CAECF0D}.Debug|iPhoneSimulator.Build.0 = Debug|Any CPU
		{88E7A0ED-9408-4768-A5D8-D7AD6CAECF0D}.Debug|iPhoneSimulator.Deploy.0 = Debug|Any CPU
		{88E7A0ED-9408-4768-A5D8-D7AD6CAECF0D}.Debug|x64.ActiveCfg = Debug|Any CPU
		{88E7A0ED-9408-4768-A5D8-D7AD6CAECF0D}.Debug|x64.Build.0 = Debug|Any CPU
		{88E7A0ED-9408-4768-A5D8-D7AD6CAECF0D}.Debug|x64.Deploy.0 = Debug|Any CPU
		{88E7A0ED-9408-4768-A5D8-D7AD6CAECF0D}.Debug|x86.ActiveCfg = Debug|Any CPU
		{88E7A0ED-9408-4768-A5D8-D7AD6CAECF0D}.Debug|x86.Build.0 = Debug|Any CPU
		{88E7A0ED-9408-4768-A5D8-D7AD6CAECF0D}.Debug|x86.Deploy.0 = Debug|Any CPU
		{88E7A0ED-9408-4768-A5D8-D7AD6CAECF0D}.Release|Any CPU.ActiveCfg = Release|Any CPU
		{88E7A0ED-9408-4768-A5D8-D7AD6CAECF0D}.Release|Any CPU.Build.0 = Release|Any CPU
		{88E7A0ED-9408-4768-A5D8-D7AD6CAECF0D}.Release|Any CPU.Deploy.0 = Release|Any CPU
		{88E7A0ED-9408-4768-A5D8-D7AD6CAECF0D}.Release|ARM.ActiveCfg = Release|Any CPU
		{88E7A0ED-9408-4768-A5D8-D7AD6CAECF0D}.Release|ARM.Build.0 = Release|Any CPU
		{88E7A0ED-9408-4768-A5D8-D7AD6CAECF0D}.Release|ARM.Deploy.0 = Release|Any CPU
		{88E7A0ED-9408-4768-A5D8-D7AD6CAECF0D}.Release|iPhone.ActiveCfg = Release|Any CPU
		{88E7A0ED-9408-4768-A5D8-D7AD6CAECF0D}.Release|iPhone.Build.0 = Release|Any CPU
		{88E7A0ED-9408-4768-A5D8-D7AD6CAECF0D}.Release|iPhone.Deploy.0 = Release|Any CPU
		{88E7A0ED-9408-4768-A5D8-D7AD6CAECF0D}.Release|iPhoneSimulator.ActiveCfg = Release|Any CPU
		{88E7A0ED-9408-4768-A5D8-D7AD6CAECF0D}.Release|iPhoneSimulator.Build.0 = Release|Any CPU
		{88E7A0ED-9408-4768-A5D8-D7AD6CAECF0D}.Release|iPhoneSimulator.Deploy.0 = Release|Any CPU
		{88E7A0ED-9408-4768-A5D8-D7AD6CAECF0D}.Release|x64.ActiveCfg = Release|Any CPU
		{88E7A0ED-9408-4768-A5D8-D7AD6CAECF0D}.Release|x64.Build.0 = Release|Any CPU
		{88E7A0ED-9408-4768-A5D8-D7AD6CAECF0D}.Release|x64.Deploy.0 = Release|Any CPU
		{88E7A0ED-9408-4768-A5D8-D7AD6CAECF0D}.Release|x86.ActiveCfg = Release|Any CPU
		{88E7A0ED-9408-4768-A5D8-D7AD6CAECF0D}.Release|x86.Build.0 = Release|Any CPU
		{88E7A0ED-9408-4768-A5D8-D7AD6CAECF0D}.Release|x86.Deploy.0 = Release|Any CPU
		{D9352E52-6C3C-4E06-B271-125FCFB6BF48}.Ad-Hoc|Any CPU.ActiveCfg = Release|Any CPU
		{D9352E52-6C3C-4E06-B271-125FCFB6BF48}.Ad-Hoc|Any CPU.Build.0 = Release|Any CPU
		{D9352E52-6C3C-4E06-B271-125FCFB6BF48}.Ad-Hoc|ARM.ActiveCfg = Release|Any CPU
		{D9352E52-6C3C-4E06-B271-125FCFB6BF48}.Ad-Hoc|ARM.Build.0 = Release|Any CPU
		{D9352E52-6C3C-4E06-B271-125FCFB6BF48}.Ad-Hoc|iPhone.ActiveCfg = Release|Any CPU
		{D9352E52-6C3C-4E06-B271-125FCFB6BF48}.Ad-Hoc|iPhone.Build.0 = Release|Any CPU
		{D9352E52-6C3C-4E06-B271-125FCFB6BF48}.Ad-Hoc|iPhoneSimulator.ActiveCfg = Release|Any CPU
		{D9352E52-6C3C-4E06-B271-125FCFB6BF48}.Ad-Hoc|iPhoneSimulator.Build.0 = Release|Any CPU
		{D9352E52-6C3C-4E06-B271-125FCFB6BF48}.Ad-Hoc|x64.ActiveCfg = Release|Any CPU
		{D9352E52-6C3C-4E06-B271-125FCFB6BF48}.Ad-Hoc|x64.Build.0 = Release|Any CPU
		{D9352E52-6C3C-4E06-B271-125FCFB6BF48}.Ad-Hoc|x86.ActiveCfg = Release|Any CPU
		{D9352E52-6C3C-4E06-B271-125FCFB6BF48}.Ad-Hoc|x86.Build.0 = Release|Any CPU
		{D9352E52-6C3C-4E06-B271-125FCFB6BF48}.AppStore|Any CPU.ActiveCfg = Release|Any CPU
		{D9352E52-6C3C-4E06-B271-125FCFB6BF48}.AppStore|Any CPU.Build.0 = Release|Any CPU
		{D9352E52-6C3C-4E06-B271-125FCFB6BF48}.AppStore|ARM.ActiveCfg = Release|Any CPU
		{D9352E52-6C3C-4E06-B271-125FCFB6BF48}.AppStore|ARM.Build.0 = Release|Any CPU
		{D9352E52-6C3C-4E06-B271-125FCFB6BF48}.AppStore|iPhone.ActiveCfg = Release|Any CPU
		{D9352E52-6C3C-4E06-B271-125FCFB6BF48}.AppStore|iPhone.Build.0 = Release|Any CPU
		{D9352E52-6C3C-4E06-B271-125FCFB6BF48}.AppStore|iPhoneSimulator.ActiveCfg = Release|Any CPU
		{D9352E52-6C3C-4E06-B271-125FCFB6BF48}.AppStore|iPhoneSimulator.Build.0 = Release|Any CPU
		{D9352E52-6C3C-4E06-B271-125FCFB6BF48}.AppStore|x64.ActiveCfg = Release|Any CPU
		{D9352E52-6C3C-4E06-B271-125FCFB6BF48}.AppStore|x64.Build.0 = Release|Any CPU
		{D9352E52-6C3C-4E06-B271-125FCFB6BF48}.AppStore|x86.ActiveCfg = Release|Any CPU
		{D9352E52-6C3C-4E06-B271-125FCFB6BF48}.AppStore|x86.Build.0 = Release|Any CPU
		{D9352E52-6C3C-4E06-B271-125FCFB6BF48}.Debug|Any CPU.ActiveCfg = Debug|Any CPU
		{D9352E52-6C3C-4E06-B271-125FCFB6BF48}.Debug|Any CPU.Build.0 = Debug|Any CPU
		{D9352E52-6C3C-4E06-B271-125FCFB6BF48}.Debug|ARM.ActiveCfg = Debug|Any CPU
		{D9352E52-6C3C-4E06-B271-125FCFB6BF48}.Debug|ARM.Build.0 = Debug|Any CPU
		{D9352E52-6C3C-4E06-B271-125FCFB6BF48}.Debug|iPhone.ActiveCfg = Debug|Any CPU
		{D9352E52-6C3C-4E06-B271-125FCFB6BF48}.Debug|iPhone.Build.0 = Debug|Any CPU
		{D9352E52-6C3C-4E06-B271-125FCFB6BF48}.Debug|iPhoneSimulator.ActiveCfg = Debug|Any CPU
		{D9352E52-6C3C-4E06-B271-125FCFB6BF48}.Debug|iPhoneSimulator.Build.0 = Debug|Any CPU
		{D9352E52-6C3C-4E06-B271-125FCFB6BF48}.Debug|x64.ActiveCfg = Debug|Any CPU
		{D9352E52-6C3C-4E06-B271-125FCFB6BF48}.Debug|x64.Build.0 = Debug|Any CPU
		{D9352E52-6C3C-4E06-B271-125FCFB6BF48}.Debug|x86.ActiveCfg = Debug|Any CPU
		{D9352E52-6C3C-4E06-B271-125FCFB6BF48}.Debug|x86.Build.0 = Debug|Any CPU
		{D9352E52-6C3C-4E06-B271-125FCFB6BF48}.Release|Any CPU.ActiveCfg = Release|Any CPU
		{D9352E52-6C3C-4E06-B271-125FCFB6BF48}.Release|Any CPU.Build.0 = Release|Any CPU
		{D9352E52-6C3C-4E06-B271-125FCFB6BF48}.Release|ARM.ActiveCfg = Release|Any CPU
		{D9352E52-6C3C-4E06-B271-125FCFB6BF48}.Release|ARM.Build.0 = Release|Any CPU
		{D9352E52-6C3C-4E06-B271-125FCFB6BF48}.Release|iPhone.ActiveCfg = Release|Any CPU
		{D9352E52-6C3C-4E06-B271-125FCFB6BF48}.Release|iPhone.Build.0 = Release|Any CPU
		{D9352E52-6C3C-4E06-B271-125FCFB6BF48}.Release|iPhoneSimulator.ActiveCfg = Release|Any CPU
		{D9352E52-6C3C-4E06-B271-125FCFB6BF48}.Release|iPhoneSimulator.Build.0 = Release|Any CPU
		{D9352E52-6C3C-4E06-B271-125FCFB6BF48}.Release|x64.ActiveCfg = Release|Any CPU
		{D9352E52-6C3C-4E06-B271-125FCFB6BF48}.Release|x64.Build.0 = Release|Any CPU
		{D9352E52-6C3C-4E06-B271-125FCFB6BF48}.Release|x86.ActiveCfg = Release|Any CPU
		{D9352E52-6C3C-4E06-B271-125FCFB6BF48}.Release|x86.Build.0 = Release|Any CPU
		{E4A1F6DA-20F3-462F-954D-724D89A28003}.Ad-Hoc|Any CPU.ActiveCfg = Release|x86
		{E4A1F6DA-20F3-462F-954D-724D89A28003}.Ad-Hoc|Any CPU.Build.0 = Release|x86
		{E4A1F6DA-20F3-462F-954D-724D89A28003}.Ad-Hoc|Any CPU.Deploy.0 = Release|x86
		{E4A1F6DA-20F3-462F-954D-724D89A28003}.Ad-Hoc|ARM.ActiveCfg = Release|ARM
		{E4A1F6DA-20F3-462F-954D-724D89A28003}.Ad-Hoc|ARM.Build.0 = Release|ARM
		{E4A1F6DA-20F3-462F-954D-724D89A28003}.Ad-Hoc|ARM.Deploy.0 = Release|ARM
		{E4A1F6DA-20F3-462F-954D-724D89A28003}.Ad-Hoc|iPhone.ActiveCfg = Release|x86
		{E4A1F6DA-20F3-462F-954D-724D89A28003}.Ad-Hoc|iPhone.Build.0 = Release|x86
		{E4A1F6DA-20F3-462F-954D-724D89A28003}.Ad-Hoc|iPhone.Deploy.0 = Release|x86
		{E4A1F6DA-20F3-462F-954D-724D89A28003}.Ad-Hoc|iPhoneSimulator.ActiveCfg = Release|x86
		{E4A1F6DA-20F3-462F-954D-724D89A28003}.Ad-Hoc|iPhoneSimulator.Build.0 = Release|x86
		{E4A1F6DA-20F3-462F-954D-724D89A28003}.Ad-Hoc|iPhoneSimulator.Deploy.0 = Release|x86
		{E4A1F6DA-20F3-462F-954D-724D89A28003}.Ad-Hoc|x64.ActiveCfg = Release|x64
		{E4A1F6DA-20F3-462F-954D-724D89A28003}.Ad-Hoc|x64.Build.0 = Release|x64
		{E4A1F6DA-20F3-462F-954D-724D89A28003}.Ad-Hoc|x64.Deploy.0 = Release|x64
		{E4A1F6DA-20F3-462F-954D-724D89A28003}.Ad-Hoc|x86.ActiveCfg = Release|x86
		{E4A1F6DA-20F3-462F-954D-724D89A28003}.Ad-Hoc|x86.Build.0 = Release|x86
		{E4A1F6DA-20F3-462F-954D-724D89A28003}.Ad-Hoc|x86.Deploy.0 = Release|x86
		{E4A1F6DA-20F3-462F-954D-724D89A28003}.AppStore|Any CPU.ActiveCfg = Release|x86
		{E4A1F6DA-20F3-462F-954D-724D89A28003}.AppStore|Any CPU.Build.0 = Release|x86
		{E4A1F6DA-20F3-462F-954D-724D89A28003}.AppStore|Any CPU.Deploy.0 = Release|x86
		{E4A1F6DA-20F3-462F-954D-724D89A28003}.AppStore|ARM.ActiveCfg = Release|ARM
		{E4A1F6DA-20F3-462F-954D-724D89A28003}.AppStore|ARM.Build.0 = Release|ARM
		{E4A1F6DA-20F3-462F-954D-724D89A28003}.AppStore|ARM.Deploy.0 = Release|ARM
		{E4A1F6DA-20F3-462F-954D-724D89A28003}.AppStore|iPhone.ActiveCfg = Release|x86
		{E4A1F6DA-20F3-462F-954D-724D89A28003}.AppStore|iPhone.Build.0 = Release|x86
		{E4A1F6DA-20F3-462F-954D-724D89A28003}.AppStore|iPhone.Deploy.0 = Release|x86
		{E4A1F6DA-20F3-462F-954D-724D89A28003}.AppStore|iPhoneSimulator.ActiveCfg = Release|x86
		{E4A1F6DA-20F3-462F-954D-724D89A28003}.AppStore|iPhoneSimulator.Build.0 = Release|x86
		{E4A1F6DA-20F3-462F-954D-724D89A28003}.AppStore|iPhoneSimulator.Deploy.0 = Release|x86
		{E4A1F6DA-20F3-462F-954D-724D89A28003}.AppStore|x64.ActiveCfg = Release|x64
		{E4A1F6DA-20F3-462F-954D-724D89A28003}.AppStore|x64.Build.0 = Release|x64
		{E4A1F6DA-20F3-462F-954D-724D89A28003}.AppStore|x64.Deploy.0 = Release|x64
		{E4A1F6DA-20F3-462F-954D-724D89A28003}.AppStore|x86.ActiveCfg = Release|x86
		{E4A1F6DA-20F3-462F-954D-724D89A28003}.AppStore|x86.Build.0 = Release|x86
		{E4A1F6DA-20F3-462F-954D-724D89A28003}.AppStore|x86.Deploy.0 = Release|x86
		{E4A1F6DA-20F3-462F-954D-724D89A28003}.Debug|Any CPU.ActiveCfg = Debug|x86
		{E4A1F6DA-20F3-462F-954D-724D89A28003}.Debug|ARM.ActiveCfg = Debug|ARM
		{E4A1F6DA-20F3-462F-954D-724D89A28003}.Debug|ARM.Build.0 = Debug|ARM
		{E4A1F6DA-20F3-462F-954D-724D89A28003}.Debug|ARM.Deploy.0 = Debug|ARM
		{E4A1F6DA-20F3-462F-954D-724D89A28003}.Debug|iPhone.ActiveCfg = Debug|x86
		{E4A1F6DA-20F3-462F-954D-724D89A28003}.Debug|iPhoneSimulator.ActiveCfg = Debug|x86
		{E4A1F6DA-20F3-462F-954D-724D89A28003}.Debug|x64.ActiveCfg = Debug|x64
		{E4A1F6DA-20F3-462F-954D-724D89A28003}.Debug|x64.Build.0 = Debug|x64
		{E4A1F6DA-20F3-462F-954D-724D89A28003}.Debug|x64.Deploy.0 = Debug|x64
		{E4A1F6DA-20F3-462F-954D-724D89A28003}.Debug|x86.ActiveCfg = Debug|x86
		{E4A1F6DA-20F3-462F-954D-724D89A28003}.Debug|x86.Build.0 = Debug|x86
		{E4A1F6DA-20F3-462F-954D-724D89A28003}.Debug|x86.Deploy.0 = Debug|x86
		{E4A1F6DA-20F3-462F-954D-724D89A28003}.Release|Any CPU.ActiveCfg = Release|x86
		{E4A1F6DA-20F3-462F-954D-724D89A28003}.Release|ARM.ActiveCfg = Release|ARM
		{E4A1F6DA-20F3-462F-954D-724D89A28003}.Release|ARM.Build.0 = Release|ARM
		{E4A1F6DA-20F3-462F-954D-724D89A28003}.Release|ARM.Deploy.0 = Release|ARM
		{E4A1F6DA-20F3-462F-954D-724D89A28003}.Release|iPhone.ActiveCfg = Release|x86
		{E4A1F6DA-20F3-462F-954D-724D89A28003}.Release|iPhoneSimulator.ActiveCfg = Release|x86
		{E4A1F6DA-20F3-462F-954D-724D89A28003}.Release|x64.ActiveCfg = Release|x64
		{E4A1F6DA-20F3-462F-954D-724D89A28003}.Release|x64.Build.0 = Release|x64
		{E4A1F6DA-20F3-462F-954D-724D89A28003}.Release|x64.Deploy.0 = Release|x64
		{E4A1F6DA-20F3-462F-954D-724D89A28003}.Release|x86.ActiveCfg = Release|x86
		{E4A1F6DA-20F3-462F-954D-724D89A28003}.Release|x86.Build.0 = Release|x86
		{E4A1F6DA-20F3-462F-954D-724D89A28003}.Release|x86.Deploy.0 = Release|x86
		{F877AB94-F146-4031-BFD5-5E20C2BC7B28}.Ad-Hoc|Any CPU.ActiveCfg = Ad-Hoc|iPhone
		{F877AB94-F146-4031-BFD5-5E20C2BC7B28}.Ad-Hoc|ARM.ActiveCfg = Ad-Hoc|iPhone
		{F877AB94-F146-4031-BFD5-5E20C2BC7B28}.Ad-Hoc|iPhone.ActiveCfg = Ad-Hoc|iPhone
		{F877AB94-F146-4031-BFD5-5E20C2BC7B28}.Ad-Hoc|iPhone.Build.0 = Ad-Hoc|iPhone
		{F877AB94-F146-4031-BFD5-5E20C2BC7B28}.Ad-Hoc|iPhoneSimulator.ActiveCfg = Ad-Hoc|iPhoneSimulator
		{F877AB94-F146-4031-BFD5-5E20C2BC7B28}.Ad-Hoc|iPhoneSimulator.Build.0 = Ad-Hoc|iPhoneSimulator
		{F877AB94-F146-4031-BFD5-5E20C2BC7B28}.Ad-Hoc|x64.ActiveCfg = Ad-Hoc|iPhone
		{F877AB94-F146-4031-BFD5-5E20C2BC7B28}.Ad-Hoc|x86.ActiveCfg = Ad-Hoc|iPhone
		{F877AB94-F146-4031-BFD5-5E20C2BC7B28}.AppStore|Any CPU.ActiveCfg = AppStore|iPhone
		{F877AB94-F146-4031-BFD5-5E20C2BC7B28}.AppStore|ARM.ActiveCfg = AppStore|iPhone
		{F877AB94-F146-4031-BFD5-5E20C2BC7B28}.AppStore|iPhone.ActiveCfg = AppStore|iPhone
		{F877AB94-F146-4031-BFD5-5E20C2BC7B28}.AppStore|iPhone.Build.0 = AppStore|iPhone
		{F877AB94-F146-4031-BFD5-5E20C2BC7B28}.AppStore|iPhoneSimulator.ActiveCfg = AppStore|iPhoneSimulator
		{F877AB94-F146-4031-BFD5-5E20C2BC7B28}.AppStore|iPhoneSimulator.Build.0 = AppStore|iPhoneSimulator
		{F877AB94-F146-4031-BFD5-5E20C2BC7B28}.AppStore|x64.ActiveCfg = AppStore|iPhone
		{F877AB94-F146-4031-BFD5-5E20C2BC7B28}.AppStore|x86.ActiveCfg = AppStore|iPhone
		{F877AB94-F146-4031-BFD5-5E20C2BC7B28}.Debug|Any CPU.ActiveCfg = Debug|iPhone
		{F877AB94-F146-4031-BFD5-5E20C2BC7B28}.Debug|ARM.ActiveCfg = Debug|iPhone
		{F877AB94-F146-4031-BFD5-5E20C2BC7B28}.Debug|iPhone.ActiveCfg = Debug|iPhone
		{F877AB94-F146-4031-BFD5-5E20C2BC7B28}.Debug|iPhone.Build.0 = Debug|iPhone
		{F877AB94-F146-4031-BFD5-5E20C2BC7B28}.Debug|iPhoneSimulator.ActiveCfg = Debug|iPhoneSimulator
		{F877AB94-F146-4031-BFD5-5E20C2BC7B28}.Debug|iPhoneSimulator.Build.0 = Debug|iPhoneSimulator
		{F877AB94-F146-4031-BFD5-5E20C2BC7B28}.Debug|x64.ActiveCfg = Debug|iPhone
		{F877AB94-F146-4031-BFD5-5E20C2BC7B28}.Debug|x86.ActiveCfg = Debug|iPhone
		{F877AB94-F146-4031-BFD5-5E20C2BC7B28}.Release|Any CPU.ActiveCfg = Release|iPhone
		{F877AB94-F146-4031-BFD5-5E20C2BC7B28}.Release|ARM.ActiveCfg = Release|iPhone
		{F877AB94-F146-4031-BFD5-5E20C2BC7B28}.Release|iPhone.ActiveCfg = Release|iPhone
		{F877AB94-F146-4031-BFD5-5E20C2BC7B28}.Release|iPhone.Build.0 = Release|iPhone
		{F877AB94-F146-4031-BFD5-5E20C2BC7B28}.Release|iPhoneSimulator.ActiveCfg = Release|iPhoneSimulator
		{F877AB94-F146-4031-BFD5-5E20C2BC7B28}.Release|iPhoneSimulator.Build.0 = Release|iPhoneSimulator
		{F877AB94-F146-4031-BFD5-5E20C2BC7B28}.Release|x64.ActiveCfg = Release|iPhone
		{F877AB94-F146-4031-BFD5-5E20C2BC7B28}.Release|x86.ActiveCfg = Release|iPhone
	EndGlobalSection
	GlobalSection(SolutionProperties) = preSolution
		HideSolutionNode = FALSE
	EndGlobalSection
	GlobalSection(ExtensibilityGlobals) = postSolution
		SolutionGuid = {78159F12-31C0-432F-B8BE-41F30FC2FDBD}
	EndGlobalSection
EndGlobal
